
Microsoft Visual Studio Solution File, Format Version 12.00
# Visual Studio Version 17
VisualStudioVersion = 17.5.33502.453
MinimumVisualStudioVersion = 10.0.40219.1
Project("{FAE04EC0-301F-11D3-BF4B-00C04F79EFBC}") = "ToDoAppAPI", "ToDoAppAPI\ToDoAppAPI.csproj", "{51F9A07A-E283-4CD8-9F0C-2255D5C2E664}"
EndProject
Global
	GlobalSection(SolutionConfigurationPlatforms) = preSolution
		Debug|Any CPU = Debug|Any CPU
		Release|Any CPU = Release|Any CPU
	EndGlobalSection
	GlobalSection(ProjectConfigurationPlatforms) = postSolution
		{51F9A07A-E283-4CD8-9F0C-2255D5C2E664}.Debug|Any CPU.ActiveCfg = Debug|Any CPU
		{51F9A07A-E283-4CD8-9F0C-2255D5C2E664}.Debug|Any CPU.Build.0 = Debug|Any CPU
		{51F9A07A-E283-4CD8-9F0C-2255D5C2E664}.Release|Any CPU.ActiveCfg = Release|Any CPU
		{51F9A07A-E283-4CD8-9F0C-2255D5C2E664}.Release|Any CPU.Build.0 = Release|Any CPU
	EndGlobalSection
	GlobalSection(SolutionProperties) = preSolution
		HideSolutionNode = FALSE
	EndGlobalSection
	GlobalSection(ExtensibilityGlobals) = postSolution
		SolutionGuid = {C6878382-3F13-46AF-9C2B-6519FEB7BA44}
	EndGlobalSection
EndGlobal
